
Microsoft Visual Studio Solution File, Format Version 12.00
# Visual Studio 2017
Project("{FAE04EC0-301F-11D3-BF4B-00C04F79EFBC}") = "new-sotsuken", "new-sotsuken.csproj", "{B016B674-EE1D-44AD-F94C-11D3259614B9}"
EndProject
Global
	GlobalSection(SolutionConfigurationPlatforms) = preSolution
		Debug|Any CPU = Debug|Any CPU
		Release|Any CPU = Release|Any CPU
	EndGlobalSection
	GlobalSection(ProjectConfigurationPlatforms) = postSolution
		{B016B674-EE1D-44AD-F94C-11D3259614B9}.Debug|Any CPU.ActiveCfg = Debug|Any CPU
		{B016B674-EE1D-44AD-F94C-11D3259614B9}.Debug|Any CPU.Build.0 = Debug|Any CPU
		{B016B674-EE1D-44AD-F94C-11D3259614B9}.Release|Any CPU.ActiveCfg = Release|Any CPU
		{B016B674-EE1D-44AD-F94C-11D3259614B9}.Release|Any CPU.Build.0 = Release|Any CPU
	EndGlobalSection
	GlobalSection(SolutionProperties) = preSolution
		HideSolutionNode = FALSE
	EndGlobalSection
EndGlobal
