
Microsoft Visual Studio Solution File, Format Version 12.00
# Visual Studio 15
VisualStudioVersion = 15.0.26430.4
MinimumVisualStudioVersion = 10.0.40219.1
Project("{FAE04EC0-301F-11D3-BF4B-00C04F79EFBC}") = "new-sotsuken", "new-sotsuken\new-sotsuken.csproj", "{13A45C13-3265-47B8-BC48-A553B569DF55}"
EndProject
Project("{FAE04EC0-301F-11D3-BF4B-00C04F79EFBC}") = "Assembly-CSharp", "C:\Users\hige\Documents\github\new-sotsuken\App\GeneratedProjects\UWP\Assembly-CSharp\Assembly-CSharp.csproj", "{EDCE3C1A-8281-41FB-B0D1-AB03AECCE21E}"
EndProject
Project("{FAE04EC0-301F-11D3-BF4B-00C04F79EFBC}") = "Assembly-CSharp-firstpass", "C:\Users\hige\Documents\github\new-sotsuken\App\GeneratedProjects\UWP\Assembly-CSharp-firstpass\Assembly-CSharp-firstpass.csproj", "{DE957D0D-AF20-4F6D-AD4B-9BDC2ED34851}"
EndProject
Global
	GlobalSection(SolutionConfigurationPlatforms) = preSolution
		Debug|ARM = Debug|ARM
		Debug|x64 = Debug|x64
		Debug|x86 = Debug|x86
		Master|ARM = Master|ARM
		Master|x64 = Master|x64
		Master|x86 = Master|x86
		Release|ARM = Release|ARM
		Release|x64 = Release|x64
		Release|x86 = Release|x86
	EndGlobalSection
	GlobalSection(ProjectConfigurationPlatforms) = postSolution
		{13A45C13-3265-47B8-BC48-A553B569DF55}.Debug|ARM.ActiveCfg = Debug|ARM
		{13A45C13-3265-47B8-BC48-A553B569DF55}.Debug|ARM.Build.0 = Debug|ARM
		{13A45C13-3265-47B8-BC48-A553B569DF55}.Debug|ARM.Deploy.0 = Debug|ARM
		{13A45C13-3265-47B8-BC48-A553B569DF55}.Debug|x64.ActiveCfg = Debug|x64
		{13A45C13-3265-47B8-BC48-A553B569DF55}.Debug|x64.Build.0 = Debug|x64
		{13A45C13-3265-47B8-BC48-A553B569DF55}.Debug|x64.Deploy.0 = Debug|x64
		{13A45C13-3265-47B8-BC48-A553B569DF55}.Debug|x86.ActiveCfg = Debug|x86
		{13A45C13-3265-47B8-BC48-A553B569DF55}.Debug|x86.Build.0 = Debug|x86
		{13A45C13-3265-47B8-BC48-A553B569DF55}.Debug|x86.Deploy.0 = Debug|x86
		{13A45C13-3265-47B8-BC48-A553B569DF55}.Master|ARM.ActiveCfg = Master|ARM
		{13A45C13-3265-47B8-BC48-A553B569DF55}.Master|ARM.Build.0 = Master|ARM
		{13A45C13-3265-47B8-BC48-A553B569DF55}.Master|ARM.Deploy.0 = Master|ARM
		{13A45C13-3265-47B8-BC48-A553B569DF55}.Master|x64.ActiveCfg = Master|x64
		{13A45C13-3265-47B8-BC48-A553B569DF55}.Master|x64.Build.0 = Master|x64
		{13A45C13-3265-47B8-BC48-A553B569DF55}.Master|x64.Deploy.0 = Master|x64
		{13A45C13-3265-47B8-BC48-A553B569DF55}.Master|x86.ActiveCfg = Master|x86
		{13A45C13-3265-47B8-BC48-A553B569DF55}.Master|x86.Build.0 = Master|x86
		{13A45C13-3265-47B8-BC48-A553B569DF55}.Master|x86.Deploy.0 = Master|x86
		{13A45C13-3265-47B8-BC48-A553B569DF55}.Release|ARM.ActiveCfg = Release|ARM
		{13A45C13-3265-47B8-BC48-A553B569DF55}.Release|ARM.Build.0 = Release|ARM
		{13A45C13-3265-47B8-BC48-A553B569DF55}.Release|ARM.Deploy.0 = Release|ARM
		{13A45C13-3265-47B8-BC48-A553B569DF55}.Release|x64.ActiveCfg = Release|x64
		{13A45C13-3265-47B8-BC48-A553B569DF55}.Release|x64.Build.0 = Release|x64
		{13A45C13-3265-47B8-BC48-A553B569DF55}.Release|x64.Deploy.0 = Release|x64
		{13A45C13-3265-47B8-BC48-A553B569DF55}.Release|x86.ActiveCfg = Release|x86
		{13A45C13-3265-47B8-BC48-A553B569DF55}.Release|x86.Build.0 = Release|x86
		{13A45C13-3265-47B8-BC48-A553B569DF55}.Release|x86.Deploy.0 = Release|x86
		{EDCE3C1A-8281-41FB-B0D1-AB03AECCE21E}.Debug|ARM.ActiveCfg = Debug|ARM
		{EDCE3C1A-8281-41FB-B0D1-AB03AECCE21E}.Debug|ARM.Build.0 = Debug|ARM
		{EDCE3C1A-8281-41FB-B0D1-AB03AECCE21E}.Debug|x64.ActiveCfg = Debug|x64
		{EDCE3C1A-8281-41FB-B0D1-AB03AECCE21E}.Debug|x64.Build.0 = Debug|x64
		{EDCE3C1A-8281-41FB-B0D1-AB03AECCE21E}.Debug|x86.ActiveCfg = Debug|x86
		{EDCE3C1A-8281-41FB-B0D1-AB03AECCE21E}.Debug|x86.Build.0 = Debug|x86
		{EDCE3C1A-8281-41FB-B0D1-AB03AECCE21E}.Master|ARM.ActiveCfg = Master|ARM
		{EDCE3C1A-8281-41FB-B0D1-AB03AECCE21E}.Master|ARM.Build.0 = Master|ARM
		{EDCE3C1A-8281-41FB-B0D1-AB03AECCE21E}.Master|x64.ActiveCfg = Master|x64
		{EDCE3C1A-8281-41FB-B0D1-AB03AECCE21E}.Master|x64.Build.0 = Master|x64
		{EDCE3C1A-8281-41FB-B0D1-AB03AECCE21E}.Master|x86.ActiveCfg = Master|x86
		{EDCE3C1A-8281-41FB-B0D1-AB03AECCE21E}.Master|x86.Build.0 = Master|x86
		{EDCE3C1A-8281-41FB-B0D1-AB03AECCE21E}.Release|ARM.ActiveCfg = Release|ARM
		{EDCE3C1A-8281-41FB-B0D1-AB03AECCE21E}.Release|ARM.Build.0 = Release|ARM
		{EDCE3C1A-8281-41FB-B0D1-AB03AECCE21E}.Release|x64.ActiveCfg = Release|x64
		{EDCE3C1A-8281-41FB-B0D1-AB03AECCE21E}.Release|x64.Build.0 = Release|x64
		{EDCE3C1A-8281-41FB-B0D1-AB03AECCE21E}.Release|x86.ActiveCfg = Release|x86
		{EDCE3C1A-8281-41FB-B0D1-AB03AECCE21E}.Release|x86.Build.0 = Release|x86
		{DE957D0D-AF20-4F6D-AD4B-9BDC2ED34851}.Debug|ARM.ActiveCfg = Debug|ARM
		{DE957D0D-AF20-4F6D-AD4B-9BDC2ED34851}.Debug|ARM.Build.0 = Debug|ARM
		{DE957D0D-AF20-4F6D-AD4B-9BDC2ED34851}.Debug|x64.ActiveCfg = Debug|x64
		{DE957D0D-AF20-4F6D-AD4B-9BDC2ED34851}.Debug|x64.Build.0 = Debug|x64
		{DE957D0D-AF20-4F6D-AD4B-9BDC2ED34851}.Debug|x86.ActiveCfg = Debug|x86
		{DE957D0D-AF20-4F6D-AD4B-9BDC2ED34851}.Debug|x86.Build.0 = Debug|x86
		{DE957D0D-AF20-4F6D-AD4B-9BDC2ED34851}.Master|ARM.ActiveCfg = Master|ARM
		{DE957D0D-AF20-4F6D-AD4B-9BDC2ED34851}.Master|ARM.Build.0 = Master|ARM
		{DE957D0D-AF20-4F6D-AD4B-9BDC2ED34851}.Master|x64.ActiveCfg = Master|x64
		{DE957D0D-AF20-4F6D-AD4B-9BDC2ED34851}.Master|x64.Build.0 = Master|x64
		{DE957D0D-AF20-4F6D-AD4B-9BDC2ED34851}.Master|x86.ActiveCfg = Master|x86
		{DE957D0D-AF20-4F6D-AD4B-9BDC2ED34851}.Master|x86.Build.0 = Master|x86
		{DE957D0D-AF20-4F6D-AD4B-9BDC2ED34851}.Release|ARM.ActiveCfg = Release|ARM
		{DE957D0D-AF20-4F6D-AD4B-9BDC2ED34851}.Release|ARM.Build.0 = Release|ARM
		{DE957D0D-AF20-4F6D-AD4B-9BDC2ED34851}.Release|x64.ActiveCfg = Release|x64
		{DE957D0D-AF20-4F6D-AD4B-9BDC2ED34851}.Release|x64.Build.0 = Release|x64
		{DE957D0D-AF20-4F6D-AD4B-9BDC2ED34851}.Release|x86.ActiveCfg = Release|x86
		{DE957D0D-AF20-4F6D-AD4B-9BDC2ED34851}.Release|x86.Build.0 = Release|x86
	EndGlobalSection
	GlobalSection(SolutionProperties) = preSolution
		HideSolutionNode = FALSE
	EndGlobalSection
EndGlobal
